# This file is automatically @generated by Cargo.
# It is not intended for manual editing.
version = 4

[[package]]
name = "analytics_processor"
version = "0.1.0"

[[package]]
name = "api_gateway"
version = "0.1.0"

[[package]]
name = "jd_contracts"
version = "0.1.0"

[[package]]
name = "jd_core"
version = "0.1.0"

[[package]]
name = "jd_domain"
version = "0.1.0"

[[package]]
name = "jd_infra"
version = "0.1.0"

[[package]]
name = "jd_messaing"
version = "0.1.0"

[[package]]
name = "jd_rpc_core"
version = "0.1.0"

[[package]]
name = "jd_storage"
version = "0.1.0"

[[package]]
name = "jd_streams"
version = "0.1.0"

[[package]]
name = "jd_tracing"
version = "0.1.0"

[[package]]
name = "jd_utils"
version = "0.1.0"

[[package]]
name = "notification_processor"
version = "0.1.0"

[[package]]
name = "user_service"
version = "0.1.0"

[[package]]
name = "web_server"
version = "0.1.0"
